# Exact Python 3.12.11 CI environment.
#
# Regenerate deliberately with scripts/lock-dependencies.sh. The initial lock
# was captured from the repository's passing local validation environment
# without sending this checkout's project metadata to a package index.
alembic==1.18.5
annotated-doc==0.0.4
annotated-types==0.8.0
anyio==4.14.2
arrow==1.4.0
attrs==26.1.0
bandit==1.9.4
boolean.py==5.0
build==1.5.0
cachecontrol==0.14.4
certifi==2026.7.22
cffi==2.1.0
chardet==5.2.0
charset-normalizer==3.4.9
click==8.4.2
coverage==7.15.2
cryptography==48.0.1
cyclonedx-bom==7.3.1
cyclonedx-python-lib==11.11.0
defusedxml==0.7.1
editables==0.6
fastapi==0.140.0
filelock==3.32.0
fqdn==1.5.1
greenlet==3.5.4
h11==0.16.0
hatchling==1.27.0
httpcore==1.0.9
httpx==0.28.1
httpx-sse==0.4.3
idna==3.18
iniconfig==2.3.0
isoduration==20.11.0
jsonpointer==3.1.1
jsonschema==4.26.0
jsonschema-specifications==2025.9.1
lark==1.3.1
librt==0.13.0
license-expression==30.4.4
lxml==6.1.1
mako==1.3.12
markdown-it-py==4.2.0
markupsafe==3.0.3
mcp==1.28.1
mdurl==0.1.2
msgpack==1.2.1
mypy==1.20.2
mypy-extensions==1.1.0
numpy==2.5.1
packageurl-python==0.17.6
packaging==26.2
paho-mqtt==2.1.0
pathspec==1.1.1
pip-api==0.0.34
pip-audit==2.10.1
pip-licenses==5.5.5
pip-requirements-parser==32.0.1
platformdirs==4.11.0
pluggy==1.6.0
prettytable==3.18.0
py-serializable==2.1.0
pycparser==3.0
pydantic==2.13.4
pydantic-core==2.46.4
pydantic-settings==2.14.2
pygments==2.20.0
pyjwt==2.13.0
pyparsing==3.3.2
pyproject-hooks==1.2.0
pytest==8.4.2
pytest-asyncio==1.4.0
pytest-cov==6.3.0
python-dateutil==2.9.0.post0
python-dotenv==1.2.2
python-multipart==0.0.32
pyyaml==6.0.3
referencing==0.37.0
requests==2.34.2
rfc3339-validator==0.1.4
rfc3986-validator==0.1.1
rfc3987-syntax==1.1.0
rich==15.0.0
rpds-py==2026.6.3
ruff==0.16.0
six==1.17.0
sortedcontainers==2.4.0
sqlalchemy==2.0.51
sse-starlette==3.4.6
starlette==1.3.1
stevedore==5.9.0
tomli==2.4.1
tomli-w==1.2.0
trimesh==4.12.2
trove-classifiers==2026.6.1.19
types-defusedxml==0.7.0.20260504
typing-extensions==4.16.0
typing-inspection==0.4.2
tzdata==2026.3
uri-template==1.3.0
urllib3==2.7.0
uvicorn==0.51.0
wcwidth==0.8.2
webcolors==25.10.0
